<?xml version="1.0" encoding="utf-8"?>
<Project ToolsVersion="4.0" xmlns="http://schemas.microsoft.com/developer/msbuild/2003">
  <ItemGroup>
    <ClCompile Include="Configuration\Sources\GameState.cpp" />
    <ClCompile Include="Configuration\Sources\MenuState.cpp" />
    <ClCompile Include="Configuration\Sources\ResultsState.cpp" />
    <ClCompile Include="Configuration\Sources\State.cpp" />
    <ClCompile Include="Configuration\Sources\StateManager.cpp" />
    <ClCompile Include="GameObjects\Sources\Doodle.cpp" />
    <ClCompile Include="GameObjects\Sources\Plat.cpp" />
    <ClCompile Include="GUI\Sources\TEXT.cpp" />
    <ClCompile Include="GUI\Sources\TEXT_manager.cpp" />
    <ClCompile Include="GameObjects\Sources\PlatManager.cpp" />
    <ClCompile Include="Math\Sources\AABB.cpp" />
    <ClCompile Include="GameObjects\Sources\PointCalculator.cpp" />
    <ClCompile Include="Źródło.cpp" />
  </ItemGroup>
  <ItemGroup>
    <ClInclude Include="Configuration\Headers\Defines.h" />
    <ClInclude Include="Configuration\Headers\GameState.h" />
    <ClInclude Include="Configuration\Headers\MenuState.h" />
    <ClInclude Include="Configuration\Headers\ResultsState.h" />
    <ClInclude Include="Configuration\Headers\State.h" />
    <ClInclude Include="Configuration\Headers\StateManager.h" />
    <ClInclude Include="GameObjects\Headers\Doodle.h" />
    <ClInclude Include="GameObjects\Headers\Plat.h" />
    <ClInclude Include="Math\Headers\AABB.h" />
    <ClInclude Include="GameObjects\Headers\PlatManager.h" />
    <ClInclude Include="GameObjects\Headers\PointCalculator.h" />
    <ClInclude Include="GUI\Headers\TEXT.h" />
    <ClInclude Include="GUI\Headers\TEXT_manager.h" />
  </ItemGroup>
</Project>