<?xml version="1.0" encoding="utf-8"?>
<Project ToolsVersion="4.0" xmlns="http://schemas.microsoft.com/developer/msbuild/2003">
  <ItemGroup>
    <Filter Include="Configuration">
      <UniqueIdentifier>{8ae9ecb8-1165-4968-9b96-61633eba0603}</UniqueIdentifier>
    </Filter>
    <Filter Include="GameObjects">
      <UniqueIdentifier>{541d4353-9f58-4b11-b753-1796f9e7c4e2}</UniqueIdentifier>
    </Filter>
    <Filter Include="Configuration\Headers">
      <UniqueIdentifier>{3ca25ebf-7e43-48ae-956e-b396d520177e}</UniqueIdentifier>
    </Filter>
    <Filter Include="Configuration\Sources">
      <UniqueIdentifier>{027ba729-6a94-4f53-aa96-8e032ad7c6bf}</UniqueIdentifier>
    </Filter>
    <Filter Include="GUI">
      <UniqueIdentifier>{165fcc8c-a53b-439a-9e8f-a1999206ebb5}</UniqueIdentifier>
    </Filter>
    <Filter Include="GUI\Headers">
      <UniqueIdentifier>{e0752da3-e6bc-4437-8f9f-2c0a9f895301}</UniqueIdentifier>
    </Filter>
    <Filter Include="GUI\Sources">
      <UniqueIdentifier>{76709cc4-aae5-400c-a2ee-6be135ff7fe5}</UniqueIdentifier>
    </Filter>
    <Filter Include="GameObjects\Headers">
      <UniqueIdentifier>{951574e5-5fbe-41cd-af93-81107a667ed1}</UniqueIdentifier>
    </Filter>
    <Filter Include="GameObjects\Sources">
      <UniqueIdentifier>{55fef457-43b2-424e-8db6-9a53e81a88b1}</UniqueIdentifier>
    </Filter>
  </ItemGroup>
  <ItemGroup>
    <ClCompile Include="..\..\Doodle_Jump\Doodle_Jump\Źródło.cpp" />
    <ClCompile Include="..\..\Doodle_Jump\Doodle_Jump\Configuration\Sources\GameState.cpp">
      <Filter>Configuration\Sources</Filter>
    </ClCompile>
    <ClCompile Include="..\..\Doodle_Jump\Doodle_Jump\Configuration\Sources\MenuState.cpp">
      <Filter>Configuration\Sources</Filter>
    </ClCompile>
    <ClCompile Include="..\..\Doodle_Jump\Doodle_Jump\Configuration\Sources\ResultsState.cpp">
      <Filter>Configuration\Sources</Filter>
    </ClCompile>
    <ClCompile Include="..\..\Doodle_Jump\Doodle_Jump\Configuration\Sources\State.cpp">
      <Filter>Configuration\Sources</Filter>
    </ClCompile>
    <ClCompile Include="..\..\Doodle_Jump\Doodle_Jump\Configuration\Sources\StateManager.cpp">
      <Filter>Configuration\Sources</Filter>
    </ClCompile>
    <ClCompile Include="GUI\Sources\TEXT.cpp">
      <Filter>GUI\Sources</Filter>
    </ClCompile>
    <ClCompile Include="GUI\Sources\TEXT_manager.cpp">
      <Filter>GUI\Sources</Filter>
    </ClCompile>
    <ClCompile Include="GameObjects\Sources\Doodle.cpp">
      <Filter>GameObjects\Sources</Filter>
    </ClCompile>
    <ClCompile Include="GameObjects\Sources\PLAT.cpp">
      <Filter>GameObjects\Sources</Filter>
    </ClCompile>
    <ClCompile Include="GameObjects\Sources\PlatManager.cpp">
      <Filter>GameObjects\Sources</Filter>
    </ClCompile>
  </ItemGroup>
  <ItemGroup>
    <ClInclude Include="..\..\Doodle_Jump\Doodle_Jump\Configuration\Headers\Defines.h">
      <Filter>Configuration\Headers</Filter>
    </ClInclude>
    <ClInclude Include="..\..\Doodle_Jump\Doodle_Jump\Configuration\Headers\GameState.h">
      <Filter>Configuration\Headers</Filter>
    </ClInclude>
    <ClInclude Include="..\..\Doodle_Jump\Doodle_Jump\Configuration\Headers\MenuState.h">
      <Filter>Configuration\Headers</Filter>
    </ClInclude>
    <ClInclude Include="..\..\Doodle_Jump\Doodle_Jump\Configuration\Headers\ResultsState.h">
      <Filter>Configuration\Headers</Filter>
    </ClInclude>
    <ClInclude Include="..\..\Doodle_Jump\Doodle_Jump\Configuration\Headers\State.h">
      <Filter>Configuration\Headers</Filter>
    </ClInclude>
    <ClInclude Include="..\..\Doodle_Jump\Doodle_Jump\Configuration\Headers\StateManager.h">
      <Filter>Configuration\Headers</Filter>
    </ClInclude>
    <ClInclude Include="GUI\Headers\TEXT.h">
      <Filter>GUI\Headers</Filter>
    </ClInclude>
    <ClInclude Include="GUI\Headers\TEXT_manager.h">
      <Filter>GUI\Headers</Filter>
    </ClInclude>
    <ClInclude Include="GameObjects\Headers\Doodle.h">
      <Filter>GameObjects\Headers</Filter>
    </ClInclude>
    <ClInclude Include="GameObjects\Headers\PLAT.h">
      <Filter>GameObjects\Headers</Filter>
    </ClInclude>
    <ClInclude Include="GameObjects\Headers\PlatManager.h">
      <Filter>GameObjects\Headers</Filter>
    </ClInclude>
  </ItemGroup>
</Project>