<?xml version="1.0" encoding="utf-8"?>
<Project ToolsVersion="4.0" xmlns="http://schemas.microsoft.com/developer/msbuild/2003">
  <ItemGroup>
    <Filter Include="Game">
      <UniqueIdentifier>{eeddba39-d91f-4833-93b1-48d665b4c0b3}</UniqueIdentifier>
    </Filter>
    <Filter Include="GameObjects">
      <UniqueIdentifier>{6250273d-65c0-446f-9f2f-5b33c314b1e9}</UniqueIdentifier>
    </Filter>
    <Filter Include="GameObjects\Headers">
      <UniqueIdentifier>{ee0cb6cb-5076-42b7-80f0-cd0130c36eee}</UniqueIdentifier>
    </Filter>
    <Filter Include="GameObjects\Sources">
      <UniqueIdentifier>{c776b789-fe0b-42b7-820a-8d57139148ba}</UniqueIdentifier>
    </Filter>
  </ItemGroup>
  <ItemGroup>
    <ClCompile Include="Źródło.cpp" />
    <ClCompile Include="Game\Game.cpp">
      <Filter>Game</Filter>
    </ClCompile>
    <ClCompile Include="GameObjects\Sources\Doodle.cpp">
      <Filter>GameObjects\Sources</Filter>
    </ClCompile>
    <ClCompile Include="GameObjects\Sources\PLAT.cpp">
      <Filter>GameObjects\Sources</Filter>
    </ClCompile>
  </ItemGroup>
  <ItemGroup>
    <ClInclude Include="Game\Game.h">
      <Filter>Game</Filter>
    </ClInclude>
    <ClInclude Include="GameObjects\Headers\Doodle.h">
      <Filter>GameObjects\Headers</Filter>
    </ClInclude>
    <ClInclude Include="GameObjects\Headers\PLAT.h">
      <Filter>GameObjects\Headers</Filter>
    </ClInclude>
  </ItemGroup>
</Project>